
Microsoft Visual Studio Solution File, Format Version 12.00
# Visual Studio Version 17
VisualStudioVersion = 17.9.34607.119
MinimumVisualStudioVersion = 10.0.40219.1
Project("{FAE04EC0-301F-11D3-BF4B-00C04F79EFBC}") = "TasksAPI", "TasksAPI\TasksAPI.csproj", "{19884087-7744-4513-9125-53D8BEDD01EB}"
EndProject
Global
	GlobalSection(SolutionConfigurationPlatforms) = preSolution
		Debug|Any CPU = Debug|Any CPU
		Release|Any CPU = Release|Any CPU
	EndGlobalSection
	GlobalSection(ProjectConfigurationPlatforms) = postSolution
		{19884087-7744-4513-9125-53D8BEDD01EB}.Debug|Any CPU.ActiveCfg = Debug|Any CPU
		{19884087-7744-4513-9125-53D8BEDD01EB}.Debug|Any CPU.Build.0 = Debug|Any CPU
		{19884087-7744-4513-9125-53D8BEDD01EB}.Release|Any CPU.ActiveCfg = Release|Any CPU
		{19884087-7744-4513-9125-53D8BEDD01EB}.Release|Any CPU.Build.0 = Release|Any CPU
	EndGlobalSection
	GlobalSection(SolutionProperties) = preSolution
		HideSolutionNode = FALSE
	EndGlobalSection
	GlobalSection(ExtensibilityGlobals) = postSolution
		SolutionGuid = {CB1418F7-EA13-4F55-8877-57F3611C96E3}
	EndGlobalSection
EndGlobal
